github.com/schnerring/hugo-mod-json-resume v0.0.0-20240107080232-d587566fbdef h1:BXVVxKZ+JfGrDi8S4VKJD2/2jlgwjqiGjvXOU+pjeME=
github.com/schnerring/hugo-mod-json-resume v0.0.0-20240107080232-d587566fbdef/go.mod h1:5dixHC0WHu0w2Aqb8hsOCrIU1OBYr1w5Q6HZAmTub7Q=
github.com/schnerring/hugo-theme-gruvbox v0.0.0-20240104022221-1db6faf8de78 h1:b2yhWygkA/jF3WBmTs3zRRkUeArQsXczzgbH7w4qrxw=
github.com/schnerring/hugo-theme-gruvbox v0.0.0-20240104022221-1db6faf8de78/go.mod h1:ZEP0AB4v1k845Jmx9XmOY39CuR7Zud/owFh8wRGgeZg=
