github.com/schnerring/hugo-mod-json-resume v0.0.0-20230903161110-a4854d10b003 h1:lJFginRNifrzC6ab+Kfe1KEgK4QVpMvn/mwxXSCvJWg=
github.com/schnerring/hugo-mod-json-resume v0.0.0-20230903161110-a4854d10b003/go.mod h1:an+FdylzRESQ2N+NuFK+iLerxnDRWbOqkxCDUXflGF4=
github.com/schnerring/hugo-theme-gruvbox v0.0.0-20230903161148-91c648d75e04 h1:o0Rgp+cIan9F7/awHXXxGrhQUQ8yh7ocJEaz5WR70+4=
github.com/schnerring/hugo-theme-gruvbox v0.0.0-20230903161148-91c648d75e04/go.mod h1:8zRC4Bmjg7hNeJmpGF/uf1QCCtRb727cec61TJ7UJFg=
