github.com/schnerring/hugo-mod-json-resume v0.0.0-20231210105022-40708006c621 h1:UvMXwT4aCo/Dt162tKHhYKdcCLgTiy06DcM6LvEREv0=
github.com/schnerring/hugo-mod-json-resume v0.0.0-20231210105022-40708006c621/go.mod h1:5dixHC0WHu0w2Aqb8hsOCrIU1OBYr1w5Q6HZAmTub7Q=
github.com/schnerring/hugo-theme-gruvbox v0.0.0-20231211091635-2758b311be33 h1:ALJAvz1dpAuiSosGv9/YrfhORQh88aHtbNPEMz5CLfA=
github.com/schnerring/hugo-theme-gruvbox v0.0.0-20231211091635-2758b311be33/go.mod h1:ZEP0AB4v1k845Jmx9XmOY39CuR7Zud/owFh8wRGgeZg=
